{
  "name": "@richardgaunt/test-dist",
  "version": "1.8.0",
  "lockfileVersion": 3,
  "requires": true,
  "packages": {
    "": {
      "name": "@richardgaunt/test-dist",
      "version": "1.8.0",
      "license": "ISC",
      "dependencies": {
        "@richardgaunt/test-dist": "^1.11.0-rc.0"
      }
    },
    "node_modules/@richardgaunt/test-dist": {
      "version": "1.11.0-rc.0",
      "resolved": "https://registry.npmjs.org/@richardgaunt/test-dist/-/test-dist-1.11.0-rc.0.tgz",
      "integrity": "sha512-ciwl7XXxYVc5RtgAeDJ47TVTolT10KN4EtQZ9qo7fwce/mSGHOqZD4H4XghqyNGm8/liKGLLVMXbcAWkScjcfQ==",
      "license": "ISC"
    }
  }
}
